
Microsoft Visual Studio Solution File, Format Version 12.00
# Visual Studio Version 17
VisualStudioVersion = 17.6.33712.159
MinimumVisualStudioVersion = 10.0.40219.1
Project("{9A19103F-16F7-4668-BE54-9A1E7A4F7556}") = "Simple.Mox", "Simple.Mox\Simple.Mox.csproj", "{D60F015F-2465-42EB-9087-37E354ED71EF}"
EndProject
Project("{FAE04EC0-301F-11D3-BF4B-00C04F79EFBC}") = "Tests", "Tests\Tests.csproj", "{F75C3FE2-6B68-4EB5-BA19-17664A4C727A}"
EndProject
Global
	GlobalSection(SolutionConfigurationPlatforms) = preSolution
		Debug|Any CPU = Debug|Any CPU
		Release|Any CPU = Release|Any CPU
	EndGlobalSection
	GlobalSection(ProjectConfigurationPlatforms) = postSolution
		{D60F015F-2465-42EB-9087-37E354ED71EF}.Debug|Any CPU.ActiveCfg = Debug|Any CPU
		{D60F015F-2465-42EB-9087-37E354ED71EF}.Debug|Any CPU.Build.0 = Debug|Any CPU
		{D60F015F-2465-42EB-9087-37E354ED71EF}.Release|Any CPU.ActiveCfg = Release|Any CPU
		{D60F015F-2465-42EB-9087-37E354ED71EF}.Release|Any CPU.Build.0 = Release|Any CPU
		{F75C3FE2-6B68-4EB5-BA19-17664A4C727A}.Debug|Any CPU.ActiveCfg = Debug|Any CPU
		{F75C3FE2-6B68-4EB5-BA19-17664A4C727A}.Debug|Any CPU.Build.0 = Debug|Any CPU
		{F75C3FE2-6B68-4EB5-BA19-17664A4C727A}.Release|Any CPU.ActiveCfg = Release|Any CPU
		{F75C3FE2-6B68-4EB5-BA19-17664A4C727A}.Release|Any CPU.Build.0 = Release|Any CPU
	EndGlobalSection
	GlobalSection(SolutionProperties) = preSolution
		HideSolutionNode = FALSE
	EndGlobalSection
	GlobalSection(ExtensibilityGlobals) = postSolution
		SolutionGuid = {85FFF155-B987-4F13-8170-1CCC7DFB08C6}
	EndGlobalSection
EndGlobal
